Microsoft Visual Studio Solution File, Format Version 12.00
# Visual Studio 2013
VisualStudioVersion = 12.0.31101.0
MinimumVisualStudioVersion = 10.0.40219.1
Project("{2150E333-8FDC-42A3-9474-1A3956D46DE8}") = "Solution Items", "Solution Items", "{2DF19D49-5248-431C-8FC9-3E28C4212AA7}"
	ProjectSection(SolutionItems) = preProject
		Commons.AssemblyInfo.cs = Commons.AssemblyInfo.cs
		CoreLib.AssemblyInfo.cs = CoreLib.AssemblyInfo.cs
		eca.snk = eca.snk
		Spikes.Migrations.Tests\migrations.json = Spikes.Migrations.Tests\migrations.json
		nhibernate-configuration.xsd = nhibernate-configuration.xsd
		nhibernate-mapping.xsd = nhibernate-mapping.xsd
		Spikes.AssemblyInfo.cs = Spikes.AssemblyInfo.cs
	EndProjectSection
EndProject
Project("{2150E333-8FDC-42A3-9474-1A3956D46DE8}") = "Commons", "Commons", "{A38D1175-1BC2-4804-BDF9-646F4E7FE641}"
EndProject
Project("{FAE04EC0-301F-11D3-BF4B-00C04F79EFBC}") = "Spikes.DotNet", "Spikes.DotNet\Spikes.DotNet.csproj", "{B7C3AE75-6DF2-413D-9796-50B8E534AD49}"
EndProject
Project("{FAE04EC0-301F-11D3-BF4B-00C04F79EFBC}") = "Spikes.NHibernate", "Spikes.NHibernate\Spikes.NHibernate.csproj", "{63D3F979-115E-46B1-ACA4-AB11017684B2}"
EndProject
Project("{FAE04EC0-301F-11D3-BF4B-00C04F79EFBC}") = "Commons.Testing.NHibernate", "Commons.Testing.NHibernate\Commons.Testing.NHibernate.csproj", "{2D4CE1CF-9969-41F3-A0EA-D33289D6A1D0}"
EndProject
Project("{FAE04EC0-301F-11D3-BF4B-00C04F79EFBC}") = "Spikes.RhinoMocks", "Spikes.RhinoMocks\Spikes.RhinoMocks.csproj", "{9076A67B-1A7D-44EA-8812-9078CA8B9994}"
EndProject
Project("{FAE04EC0-301F-11D3-BF4B-00C04F79EFBC}") = "Commons.Testing", "Commons.Testing\Commons.Testing.csproj", "{F5576941-8077-4F13-96D6-71C8C59E87F5}"
EndProject
Project("{FAE04EC0-301F-11D3-BF4B-00C04F79EFBC}") = "Spikes.SerializationVersioningEg", "Spikes.SerializationVersioningEg\Spikes.SerializationVersioningEg.csproj", "{D3DC0B61-A050-43C7-A27A-509B3AFD253A}"
EndProject
Project("{FAE04EC0-301F-11D3-BF4B-00C04F79EFBC}") = "CoreLib", "CoreLib\CoreLib.csproj", "{67F0F7A8-474B-4F4C-8589-9CE9679E39E9}"
EndProject
Project("{FAE04EC0-301F-11D3-BF4B-00C04F79EFBC}") = "Commons.Data.NHibernate", "Commons.Data.NHibernate\Commons.Data.NHibernate.csproj", "{3C2A4093-FC21-42D6-A6A2-155C3FD39FE0}"
EndProject
Project("{FAE04EC0-301F-11D3-BF4B-00C04F79EFBC}") = "Spike.Castle", "Spike.Castle\Spike.Castle.csproj", "{40B0E372-AD30-4FED-80BD-CFF6C8A632F9}"
EndProject
Project("{FAE04EC0-301F-11D3-BF4B-00C04F79EFBC}") = "Spike.FluentValidation", "Spike.FluentValidation\Spike.FluentValidation.csproj", "{6BEA061B-C154-4932-9849-826486E2CD3A}"
EndProject
Project("{FAE04EC0-301F-11D3-BF4B-00C04F79EFBC}") = "Spikes.WinFormsApplication", "Spikes.WinFormsApplication\Spikes.WinFormsApplication.csproj", "{11300216-D6CB-4659-A7BB-E1418686490E}"
EndProject
Project("{FAE04EC0-301F-11D3-BF4B-00C04F79EFBC}") = "Spikes.EntityFramework", "Spikes.EntityFramework\Spikes.EntityFramework.csproj", "{2D0D09C6-D986-4499-9A0C-D0E4CA6396B6}"
EndProject
Project("{2150E333-8FDC-42A3-9474-1A3956D46DE8}") = "Migrations", "Migrations", "{2AB6F4FA-2535-4617-9977-382AF9E40868}"
EndProject
Project("{FAE04EC0-301F-11D3-BF4B-00C04F79EFBC}") = "Spikes.Migrations.BaseModel", "Spikes.Migrations.BaseModel\Spikes.Migrations.BaseModel.csproj", "{EA5DBC8C-B8EF-42EE-B03E-840CEE20739A}"
EndProject
Project("{FAE04EC0-301F-11D3-BF4B-00C04F79EFBC}") = "Spikes.Migrations.BaseData", "Spikes.Migrations.BaseData\Spikes.Migrations.BaseData.csproj", "{EA3F39D1-29F6-41A3-9E56-02211CA1BC9C}"
EndProject
Project("{FAE04EC0-301F-11D3-BF4B-00C04F79EFBC}") = "Spikes.Migrations.Tests", "Spikes.Migrations.Tests\Spikes.Migrations.Tests.csproj", "{D04339D4-6FB4-4A50-8BE6-ACFB2E838930}"
EndProject
Project("{FAE04EC0-301F-11D3-BF4B-00C04F79EFBC}") = "Spike.Migrations.Model", "Spike.Migrations.Model\Spike.Migrations.Model.csproj", "{4D5ACE2C-0043-4227-9474-7706FDA4F268}"
EndProject
Project("{FAE04EC0-301F-11D3-BF4B-00C04F79EFBC}") = "Spikes.Migrations.Data", "Spikes.Migrations.Data\Spikes.Migrations.Data.csproj", "{CC8748AA-0D56-47EF-BFA0-A192AFD5C291}"
EndProject
Project("{FAE04EC0-301F-11D3-BF4B-00C04F79EFBC}") = "Spikes.Migrations.DataMigrations", "Spikes.Migrations.DataMigrations\Spikes.Migrations.DataMigrations.csproj", "{4A6965A3-CD25-4363-A4FF-E85278DBD4F7}"
EndProject
Project("{FAE04EC0-301F-11D3-BF4B-00C04F79EFBC}") = "Spikes.Migrations.BaseDataMigrations", "Spikes.Migrations.BaseDataMigrations\Spikes.Migrations.BaseDataMigrations.csproj", "{C879E0E6-4685-4003-A9AC-FA0192082F22}"
EndProject
Project("{FAE04EC0-301F-11D3-BF4B-00C04F79EFBC}") = "CcAcca.EntityFramework.Migrations", "CcAcca.EntityFramework.Migrations\CcAcca.EntityFramework.Migrations.csproj", "{FD8FC6ED-5379-496B-96F9-597A6A73271C}"
EndProject
Global
	GlobalSection(SolutionConfigurationPlatforms) = preSolution
		AutomatedDebug|Any CPU = AutomatedDebug|Any CPU
		AutomatedRelease|Any CPU = AutomatedRelease|Any CPU
		Debug|Any CPU = Debug|Any CPU
		Release|Any CPU = Release|Any CPU
	EndGlobalSection
	GlobalSection(ProjectConfigurationPlatforms) = postSolution
		{B7C3AE75-6DF2-413D-9796-50B8E534AD49}.AutomatedDebug|Any CPU.ActiveCfg = Debug|Any CPU
		{B7C3AE75-6DF2-413D-9796-50B8E534AD49}.AutomatedDebug|Any CPU.Build.0 = Debug|Any CPU
		{B7C3AE75-6DF2-413D-9796-50B8E534AD49}.AutomatedRelease|Any CPU.ActiveCfg = Release|Any CPU
		{B7C3AE75-6DF2-413D-9796-50B8E534AD49}.AutomatedRelease|Any CPU.Build.0 = Release|Any CPU
		{B7C3AE75-6DF2-413D-9796-50B8E534AD49}.Debug|Any CPU.ActiveCfg = Debug|Any CPU
		{B7C3AE75-6DF2-413D-9796-50B8E534AD49}.Debug|Any CPU.Build.0 = Debug|Any CPU
		{B7C3AE75-6DF2-413D-9796-50B8E534AD49}.Release|Any CPU.ActiveCfg = Release|Any CPU
		{B7C3AE75-6DF2-413D-9796-50B8E534AD49}.Release|Any CPU.Build.0 = Release|Any CPU
		{63D3F979-115E-46B1-ACA4-AB11017684B2}.AutomatedDebug|Any CPU.ActiveCfg = Debug|Any CPU
		{63D3F979-115E-46B1-ACA4-AB11017684B2}.AutomatedDebug|Any CPU.Build.0 = Debug|Any CPU
		{63D3F979-115E-46B1-ACA4-AB11017684B2}.AutomatedRelease|Any CPU.ActiveCfg = Release|Any CPU
		{63D3F979-115E-46B1-ACA4-AB11017684B2}.AutomatedRelease|Any CPU.Build.0 = Release|Any CPU
		{63D3F979-115E-46B1-ACA4-AB11017684B2}.Debug|Any CPU.ActiveCfg = Debug|Any CPU
		{63D3F979-115E-46B1-ACA4-AB11017684B2}.Debug|Any CPU.Build.0 = Debug|Any CPU
		{63D3F979-115E-46B1-ACA4-AB11017684B2}.Release|Any CPU.ActiveCfg = Release|Any CPU
		{63D3F979-115E-46B1-ACA4-AB11017684B2}.Release|Any CPU.Build.0 = Release|Any CPU
		{2D4CE1CF-9969-41F3-A0EA-D33289D6A1D0}.AutomatedDebug|Any CPU.ActiveCfg = Debug|Any CPU
		{2D4CE1CF-9969-41F3-A0EA-D33289D6A1D0}.AutomatedDebug|Any CPU.Build.0 = Debug|Any CPU
		{2D4CE1CF-9969-41F3-A0EA-D33289D6A1D0}.AutomatedRelease|Any CPU.ActiveCfg = Release|Any CPU
		{2D4CE1CF-9969-41F3-A0EA-D33289D6A1D0}.AutomatedRelease|Any CPU.Build.0 = Release|Any CPU
		{2D4CE1CF-9969-41F3-A0EA-D33289D6A1D0}.Debug|Any CPU.ActiveCfg = Debug|Any CPU
		{2D4CE1CF-9969-41F3-A0EA-D33289D6A1D0}.Debug|Any CPU.Build.0 = Debug|Any CPU
		{2D4CE1CF-9969-41F3-A0EA-D33289D6A1D0}.Release|Any CPU.ActiveCfg = Release|Any CPU
		{2D4CE1CF-9969-41F3-A0EA-D33289D6A1D0}.Release|Any CPU.Build.0 = Release|Any CPU
		{9076A67B-1A7D-44EA-8812-9078CA8B9994}.AutomatedDebug|Any CPU.ActiveCfg = Debug|Any CPU
		{9076A67B-1A7D-44EA-8812-9078CA8B9994}.AutomatedDebug|Any CPU.Build.0 = Debug|Any CPU
		{9076A67B-1A7D-44EA-8812-9078CA8B9994}.AutomatedRelease|Any CPU.ActiveCfg = Release|Any CPU
		{9076A67B-1A7D-44EA-8812-9078CA8B9994}.AutomatedRelease|Any CPU.Build.0 = Release|Any CPU
		{9076A67B-1A7D-44EA-8812-9078CA8B9994}.Debug|Any CPU.ActiveCfg = Debug|Any CPU
		{9076A67B-1A7D-44EA-8812-9078CA8B9994}.Debug|Any CPU.Build.0 = Debug|Any CPU
		{9076A67B-1A7D-44EA-8812-9078CA8B9994}.Release|Any CPU.ActiveCfg = Release|Any CPU
		{9076A67B-1A7D-44EA-8812-9078CA8B9994}.Release|Any CPU.Build.0 = Release|Any CPU
		{F5576941-8077-4F13-96D6-71C8C59E87F5}.AutomatedDebug|Any CPU.ActiveCfg = Debug|Any CPU
		{F5576941-8077-4F13-96D6-71C8C59E87F5}.AutomatedDebug|Any CPU.Build.0 = Debug|Any CPU
		{F5576941-8077-4F13-96D6-71C8C59E87F5}.AutomatedRelease|Any CPU.ActiveCfg = Release|Any CPU
		{F5576941-8077-4F13-96D6-71C8C59E87F5}.AutomatedRelease|Any CPU.Build.0 = Release|Any CPU
		{F5576941-8077-4F13-96D6-71C8C59E87F5}.Debug|Any CPU.ActiveCfg = Debug|Any CPU
		{F5576941-8077-4F13-96D6-71C8C59E87F5}.Debug|Any CPU.Build.0 = Debug|Any CPU
		{F5576941-8077-4F13-96D6-71C8C59E87F5}.Release|Any CPU.ActiveCfg = Release|Any CPU
		{F5576941-8077-4F13-96D6-71C8C59E87F5}.Release|Any CPU.Build.0 = Release|Any CPU
		{D3DC0B61-A050-43C7-A27A-509B3AFD253A}.AutomatedDebug|Any CPU.ActiveCfg = Debug|Any CPU
		{D3DC0B61-A050-43C7-A27A-509B3AFD253A}.AutomatedDebug|Any CPU.Build.0 = Debug|Any CPU
		{D3DC0B61-A050-43C7-A27A-509B3AFD253A}.AutomatedRelease|Any CPU.ActiveCfg = Release|Any CPU
		{D3DC0B61-A050-43C7-A27A-509B3AFD253A}.AutomatedRelease|Any CPU.Build.0 = Release|Any CPU
		{D3DC0B61-A050-43C7-A27A-509B3AFD253A}.Debug|Any CPU.ActiveCfg = Debug|Any CPU
		{D3DC0B61-A050-43C7-A27A-509B3AFD253A}.Debug|Any CPU.Build.0 = Debug|Any CPU
		{D3DC0B61-A050-43C7-A27A-509B3AFD253A}.Release|Any CPU.ActiveCfg = Release|Any CPU
		{D3DC0B61-A050-43C7-A27A-509B3AFD253A}.Release|Any CPU.Build.0 = Release|Any CPU
		{67F0F7A8-474B-4F4C-8589-9CE9679E39E9}.AutomatedDebug|Any CPU.ActiveCfg = Debug|Any CPU
		{67F0F7A8-474B-4F4C-8589-9CE9679E39E9}.AutomatedDebug|Any CPU.Build.0 = Debug|Any CPU
		{67F0F7A8-474B-4F4C-8589-9CE9679E39E9}.AutomatedRelease|Any CPU.ActiveCfg = Release|Any CPU
		{67F0F7A8-474B-4F4C-8589-9CE9679E39E9}.AutomatedRelease|Any CPU.Build.0 = Release|Any CPU
		{67F0F7A8-474B-4F4C-8589-9CE9679E39E9}.Debug|Any CPU.ActiveCfg = Debug|Any CPU
		{67F0F7A8-474B-4F4C-8589-9CE9679E39E9}.Debug|Any CPU.Build.0 = Debug|Any CPU
		{67F0F7A8-474B-4F4C-8589-9CE9679E39E9}.Release|Any CPU.ActiveCfg = Release|Any CPU
		{67F0F7A8-474B-4F4C-8589-9CE9679E39E9}.Release|Any CPU.Build.0 = Release|Any CPU
		{3C2A4093-FC21-42D6-A6A2-155C3FD39FE0}.AutomatedDebug|Any CPU.ActiveCfg = Debug|Any CPU
		{3C2A4093-FC21-42D6-A6A2-155C3FD39FE0}.AutomatedDebug|Any CPU.Build.0 = Debug|Any CPU
		{3C2A4093-FC21-42D6-A6A2-155C3FD39FE0}.AutomatedRelease|Any CPU.ActiveCfg = Release|Any CPU
		{3C2A4093-FC21-42D6-A6A2-155C3FD39FE0}.AutomatedRelease|Any CPU.Build.0 = Release|Any CPU
		{3C2A4093-FC21-42D6-A6A2-155C3FD39FE0}.Debug|Any CPU.ActiveCfg = Debug|Any CPU
		{3C2A4093-FC21-42D6-A6A2-155C3FD39FE0}.Debug|Any CPU.Build.0 = Debug|Any CPU
		{3C2A4093-FC21-42D6-A6A2-155C3FD39FE0}.Release|Any CPU.ActiveCfg = Release|Any CPU
		{3C2A4093-FC21-42D6-A6A2-155C3FD39FE0}.Release|Any CPU.Build.0 = Release|Any CPU
		{40B0E372-AD30-4FED-80BD-CFF6C8A632F9}.AutomatedDebug|Any CPU.ActiveCfg = Debug|Any CPU
		{40B0E372-AD30-4FED-80BD-CFF6C8A632F9}.AutomatedDebug|Any CPU.Build.0 = Debug|Any CPU
		{40B0E372-AD30-4FED-80BD-CFF6C8A632F9}.AutomatedRelease|Any CPU.ActiveCfg = Release|Any CPU
		{40B0E372-AD30-4FED-80BD-CFF6C8A632F9}.AutomatedRelease|Any CPU.Build.0 = Release|Any CPU
		{40B0E372-AD30-4FED-80BD-CFF6C8A632F9}.Debug|Any CPU.ActiveCfg = Debug|Any CPU
		{40B0E372-AD30-4FED-80BD-CFF6C8A632F9}.Debug|Any CPU.Build.0 = Debug|Any CPU
		{40B0E372-AD30-4FED-80BD-CFF6C8A632F9}.Release|Any CPU.ActiveCfg = Release|Any CPU
		{40B0E372-AD30-4FED-80BD-CFF6C8A632F9}.Release|Any CPU.Build.0 = Release|Any CPU
		{6BEA061B-C154-4932-9849-826486E2CD3A}.AutomatedDebug|Any CPU.ActiveCfg = Debug|Any CPU
		{6BEA061B-C154-4932-9849-826486E2CD3A}.AutomatedDebug|Any CPU.Build.0 = Debug|Any CPU
		{6BEA061B-C154-4932-9849-826486E2CD3A}.AutomatedRelease|Any CPU.ActiveCfg = Release|Any CPU
		{6BEA061B-C154-4932-9849-826486E2CD3A}.AutomatedRelease|Any CPU.Build.0 = Release|Any CPU
		{6BEA061B-C154-4932-9849-826486E2CD3A}.Debug|Any CPU.ActiveCfg = Debug|Any CPU
		{6BEA061B-C154-4932-9849-826486E2CD3A}.Debug|Any CPU.Build.0 = Debug|Any CPU
		{6BEA061B-C154-4932-9849-826486E2CD3A}.Release|Any CPU.ActiveCfg = Release|Any CPU
		{6BEA061B-C154-4932-9849-826486E2CD3A}.Release|Any CPU.Build.0 = Release|Any CPU
		{11300216-D6CB-4659-A7BB-E1418686490E}.AutomatedDebug|Any CPU.ActiveCfg = Debug|Any CPU
		{11300216-D6CB-4659-A7BB-E1418686490E}.AutomatedDebug|Any CPU.Build.0 = Debug|Any CPU
		{11300216-D6CB-4659-A7BB-E1418686490E}.AutomatedRelease|Any CPU.ActiveCfg = Release|Any CPU
		{11300216-D6CB-4659-A7BB-E1418686490E}.AutomatedRelease|Any CPU.Build.0 = Release|Any CPU
		{11300216-D6CB-4659-A7BB-E1418686490E}.Debug|Any CPU.ActiveCfg = Debug|Any CPU
		{11300216-D6CB-4659-A7BB-E1418686490E}.Debug|Any CPU.Build.0 = Debug|Any CPU
		{11300216-D6CB-4659-A7BB-E1418686490E}.Release|Any CPU.ActiveCfg = Release|Any CPU
		{11300216-D6CB-4659-A7BB-E1418686490E}.Release|Any CPU.Build.0 = Release|Any CPU
		{2D0D09C6-D986-4499-9A0C-D0E4CA6396B6}.AutomatedDebug|Any CPU.ActiveCfg = Debug|Any CPU
		{2D0D09C6-D986-4499-9A0C-D0E4CA6396B6}.AutomatedDebug|Any CPU.Build.0 = Debug|Any CPU
		{2D0D09C6-D986-4499-9A0C-D0E4CA6396B6}.AutomatedRelease|Any CPU.ActiveCfg = Release|Any CPU
		{2D0D09C6-D986-4499-9A0C-D0E4CA6396B6}.AutomatedRelease|Any CPU.Build.0 = Release|Any CPU
		{2D0D09C6-D986-4499-9A0C-D0E4CA6396B6}.Debug|Any CPU.ActiveCfg = Debug|Any CPU
		{2D0D09C6-D986-4499-9A0C-D0E4CA6396B6}.Debug|Any CPU.Build.0 = Debug|Any CPU
		{2D0D09C6-D986-4499-9A0C-D0E4CA6396B6}.Release|Any CPU.ActiveCfg = Release|Any CPU
		{2D0D09C6-D986-4499-9A0C-D0E4CA6396B6}.Release|Any CPU.Build.0 = Release|Any CPU
		{EA5DBC8C-B8EF-42EE-B03E-840CEE20739A}.AutomatedDebug|Any CPU.ActiveCfg = Debug|Any CPU
		{EA5DBC8C-B8EF-42EE-B03E-840CEE20739A}.AutomatedDebug|Any CPU.Build.0 = Debug|Any CPU
		{EA5DBC8C-B8EF-42EE-B03E-840CEE20739A}.AutomatedRelease|Any CPU.ActiveCfg = Release|Any CPU
		{EA5DBC8C-B8EF-42EE-B03E-840CEE20739A}.AutomatedRelease|Any CPU.Build.0 = Release|Any CPU
		{EA5DBC8C-B8EF-42EE-B03E-840CEE20739A}.Debug|Any CPU.ActiveCfg = Debug|Any CPU
		{EA5DBC8C-B8EF-42EE-B03E-840CEE20739A}.Debug|Any CPU.Build.0 = Debug|Any CPU
		{EA5DBC8C-B8EF-42EE-B03E-840CEE20739A}.Release|Any CPU.ActiveCfg = Release|Any CPU
		{EA5DBC8C-B8EF-42EE-B03E-840CEE20739A}.Release|Any CPU.Build.0 = Release|Any CPU
		{EA3F39D1-29F6-41A3-9E56-02211CA1BC9C}.AutomatedDebug|Any CPU.ActiveCfg = Debug|Any CPU
		{EA3F39D1-29F6-41A3-9E56-02211CA1BC9C}.AutomatedDebug|Any CPU.Build.0 = Debug|Any CPU
		{EA3F39D1-29F6-41A3-9E56-02211CA1BC9C}.AutomatedRelease|Any CPU.ActiveCfg = Release|Any CPU
		{EA3F39D1-29F6-41A3-9E56-02211CA1BC9C}.AutomatedRelease|Any CPU.Build.0 = Release|Any CPU
		{EA3F39D1-29F6-41A3-9E56-02211CA1BC9C}.Debug|Any CPU.ActiveCfg = Debug|Any CPU
		{EA3F39D1-29F6-41A3-9E56-02211CA1BC9C}.Debug|Any CPU.Build.0 = Debug|Any CPU
		{EA3F39D1-29F6-41A3-9E56-02211CA1BC9C}.Release|Any CPU.ActiveCfg = Release|Any CPU
		{EA3F39D1-29F6-41A3-9E56-02211CA1BC9C}.Release|Any CPU.Build.0 = Release|Any CPU
		{D04339D4-6FB4-4A50-8BE6-ACFB2E838930}.AutomatedDebug|Any CPU.ActiveCfg = Debug|Any CPU
		{D04339D4-6FB4-4A50-8BE6-ACFB2E838930}.AutomatedDebug|Any CPU.Build.0 = Debug|Any CPU
		{D04339D4-6FB4-4A50-8BE6-ACFB2E838930}.AutomatedRelease|Any CPU.ActiveCfg = Release|Any CPU
		{D04339D4-6FB4-4A50-8BE6-ACFB2E838930}.AutomatedRelease|Any CPU.Build.0 = Release|Any CPU
		{D04339D4-6FB4-4A50-8BE6-ACFB2E838930}.Debug|Any CPU.ActiveCfg = Debug|Any CPU
		{D04339D4-6FB4-4A50-8BE6-ACFB2E838930}.Debug|Any CPU.Build.0 = Debug|Any CPU
		{D04339D4-6FB4-4A50-8BE6-ACFB2E838930}.Release|Any CPU.ActiveCfg = Release|Any CPU
		{D04339D4-6FB4-4A50-8BE6-ACFB2E838930}.Release|Any CPU.Build.0 = Release|Any CPU
		{4D5ACE2C-0043-4227-9474-7706FDA4F268}.AutomatedDebug|Any CPU.ActiveCfg = Debug|Any CPU
		{4D5ACE2C-0043-4227-9474-7706FDA4F268}.AutomatedDebug|Any CPU.Build.0 = Debug|Any CPU
		{4D5ACE2C-0043-4227-9474-7706FDA4F268}.AutomatedRelease|Any CPU.ActiveCfg = Release|Any CPU
		{4D5ACE2C-0043-4227-9474-7706FDA4F268}.AutomatedRelease|Any CPU.Build.0 = Release|Any CPU
		{4D5ACE2C-0043-4227-9474-7706FDA4F268}.Debug|Any CPU.ActiveCfg = Debug|Any CPU
		{4D5ACE2C-0043-4227-9474-7706FDA4F268}.Debug|Any CPU.Build.0 = Debug|Any CPU
		{4D5ACE2C-0043-4227-9474-7706FDA4F268}.Release|Any CPU.ActiveCfg = Release|Any CPU
		{4D5ACE2C-0043-4227-9474-7706FDA4F268}.Release|Any CPU.Build.0 = Release|Any CPU
		{CC8748AA-0D56-47EF-BFA0-A192AFD5C291}.AutomatedDebug|Any CPU.ActiveCfg = Debug|Any CPU
		{CC8748AA-0D56-47EF-BFA0-A192AFD5C291}.AutomatedDebug|Any CPU.Build.0 = Debug|Any CPU
		{CC8748AA-0D56-47EF-BFA0-A192AFD5C291}.AutomatedRelease|Any CPU.ActiveCfg = Release|Any CPU
		{CC8748AA-0D56-47EF-BFA0-A192AFD5C291}.AutomatedRelease|Any CPU.Build.0 = Release|Any CPU
		{CC8748AA-0D56-47EF-BFA0-A192AFD5C291}.Debug|Any CPU.ActiveCfg = Debug|Any CPU
		{CC8748AA-0D56-47EF-BFA0-A192AFD5C291}.Debug|Any CPU.Build.0 = Debug|Any CPU
		{CC8748AA-0D56-47EF-BFA0-A192AFD5C291}.Release|Any CPU.ActiveCfg = Release|Any CPU
		{CC8748AA-0D56-47EF-BFA0-A192AFD5C291}.Release|Any CPU.Build.0 = Release|Any CPU
		{4A6965A3-CD25-4363-A4FF-E85278DBD4F7}.AutomatedDebug|Any CPU.ActiveCfg = Debug|Any CPU
		{4A6965A3-CD25-4363-A4FF-E85278DBD4F7}.AutomatedDebug|Any CPU.Build.0 = Debug|Any CPU
		{4A6965A3-CD25-4363-A4FF-E85278DBD4F7}.AutomatedRelease|Any CPU.ActiveCfg = Release|Any CPU
		{4A6965A3-CD25-4363-A4FF-E85278DBD4F7}.AutomatedRelease|Any CPU.Build.0 = Release|Any CPU
		{4A6965A3-CD25-4363-A4FF-E85278DBD4F7}.Debug|Any CPU.ActiveCfg = Debug|Any CPU
		{4A6965A3-CD25-4363-A4FF-E85278DBD4F7}.Debug|Any CPU.Build.0 = Debug|Any CPU
		{4A6965A3-CD25-4363-A4FF-E85278DBD4F7}.Release|Any CPU.ActiveCfg = Release|Any CPU
		{4A6965A3-CD25-4363-A4FF-E85278DBD4F7}.Release|Any CPU.Build.0 = Release|Any CPU
		{C879E0E6-4685-4003-A9AC-FA0192082F22}.AutomatedDebug|Any CPU.ActiveCfg = Debug|Any CPU
		{C879E0E6-4685-4003-A9AC-FA0192082F22}.AutomatedDebug|Any CPU.Build.0 = Debug|Any CPU
		{C879E0E6-4685-4003-A9AC-FA0192082F22}.AutomatedRelease|Any CPU.ActiveCfg = Release|Any CPU
		{C879E0E6-4685-4003-A9AC-FA0192082F22}.AutomatedRelease|Any CPU.Build.0 = Release|Any CPU
		{C879E0E6-4685-4003-A9AC-FA0192082F22}.Debug|Any CPU.ActiveCfg = Debug|Any CPU
		{C879E0E6-4685-4003-A9AC-FA0192082F22}.Debug|Any CPU.Build.0 = Debug|Any CPU
		{C879E0E6-4685-4003-A9AC-FA0192082F22}.Release|Any CPU.ActiveCfg = Release|Any CPU
		{C879E0E6-4685-4003-A9AC-FA0192082F22}.Release|Any CPU.Build.0 = Release|Any CPU
		{FD8FC6ED-5379-496B-96F9-597A6A73271C}.AutomatedDebug|Any CPU.ActiveCfg = Debug|Any CPU
		{FD8FC6ED-5379-496B-96F9-597A6A73271C}.AutomatedDebug|Any CPU.Build.0 = Debug|Any CPU
		{FD8FC6ED-5379-496B-96F9-597A6A73271C}.AutomatedRelease|Any CPU.ActiveCfg = Release|Any CPU
		{FD8FC6ED-5379-496B-96F9-597A6A73271C}.AutomatedRelease|Any CPU.Build.0 = Release|Any CPU
		{FD8FC6ED-5379-496B-96F9-597A6A73271C}.Debug|Any CPU.ActiveCfg = Debug|Any CPU
		{FD8FC6ED-5379-496B-96F9-597A6A73271C}.Debug|Any CPU.Build.0 = Debug|Any CPU
		{FD8FC6ED-5379-496B-96F9-597A6A73271C}.Release|Any CPU.ActiveCfg = Release|Any CPU
		{FD8FC6ED-5379-496B-96F9-597A6A73271C}.Release|Any CPU.Build.0 = Release|Any CPU
	EndGlobalSection
	GlobalSection(SolutionProperties) = preSolution
		HideSolutionNode = FALSE
	EndGlobalSection
	GlobalSection(NestedProjects) = preSolution
		{2D4CE1CF-9969-41F3-A0EA-D33289D6A1D0} = {A38D1175-1BC2-4804-BDF9-646F4E7FE641}
		{F5576941-8077-4F13-96D6-71C8C59E87F5} = {A38D1175-1BC2-4804-BDF9-646F4E7FE641}
		{67F0F7A8-474B-4F4C-8589-9CE9679E39E9} = {A38D1175-1BC2-4804-BDF9-646F4E7FE641}
		{3C2A4093-FC21-42D6-A6A2-155C3FD39FE0} = {A38D1175-1BC2-4804-BDF9-646F4E7FE641}
		{EA5DBC8C-B8EF-42EE-B03E-840CEE20739A} = {2AB6F4FA-2535-4617-9977-382AF9E40868}
		{EA3F39D1-29F6-41A3-9E56-02211CA1BC9C} = {2AB6F4FA-2535-4617-9977-382AF9E40868}
		{D04339D4-6FB4-4A50-8BE6-ACFB2E838930} = {2AB6F4FA-2535-4617-9977-382AF9E40868}
		{4D5ACE2C-0043-4227-9474-7706FDA4F268} = {2AB6F4FA-2535-4617-9977-382AF9E40868}
		{CC8748AA-0D56-47EF-BFA0-A192AFD5C291} = {2AB6F4FA-2535-4617-9977-382AF9E40868}
		{4A6965A3-CD25-4363-A4FF-E85278DBD4F7} = {2AB6F4FA-2535-4617-9977-382AF9E40868}
		{C879E0E6-4685-4003-A9AC-FA0192082F22} = {2AB6F4FA-2535-4617-9977-382AF9E40868}
		{FD8FC6ED-5379-496B-96F9-597A6A73271C} = {2AB6F4FA-2535-4617-9977-382AF9E40868}
	EndGlobalSection
EndGlobal
